
Microsoft Visual Studio Solution File, Format Version 12.00
# Visual Studio 2012
Project("{FAE04EC0-301F-11D3-BF4B-00C04F79EFBC}") = "iOSWeChatBinding", "iOSWeChatBinding\iOSWeChatBinding.csproj", "{CBCDE71C-BE45-460A-B0C2-9EB1E9356CA5}"
EndProject
Global
	GlobalSection(SolutionConfigurationPlatforms) = preSolution
		Debug|Any CPU = Debug|Any CPU
		Release|Any CPU = Release|Any CPU
	EndGlobalSection
	GlobalSection(ProjectConfigurationPlatforms) = postSolution
		{CBCDE71C-BE45-460A-B0C2-9EB1E9356CA5}.Debug|Any CPU.ActiveCfg = Debug|Any CPU
		{CBCDE71C-BE45-460A-B0C2-9EB1E9356CA5}.Debug|Any CPU.Build.0 = Debug|Any CPU
		{CBCDE71C-BE45-460A-B0C2-9EB1E9356CA5}.Release|Any CPU.ActiveCfg = Release|Any CPU
		{CBCDE71C-BE45-460A-B0C2-9EB1E9356CA5}.Release|Any CPU.Build.0 = Release|Any CPU
	EndGlobalSection
EndGlobal
